schema: '2.0'
stages:
  download:
    cmd: python src/download.py
    params:
      params.yaml:
        download.n_locs: 1
        download.year: 2023
  prepare:
    cmd: python src/prepare.py data/downloaded
    deps:
    - path: data/downloaded
      hash: md5
      md5: 8093cd482edb9091fd21ff8c238bc5c7.dir
      size: 174813
      nfiles: 1
    - path: src/prepare.py
      hash: md5
      md5: 7d25c4f457fdefd5be132dab2226ab4e
      size: 1770
    outs:
    - path: data/prepared
      hash: md5
      md5: b79615d513d0c2ef8659363f1c153d22.dir
      size: 118
      nfiles: 1
  process:
    cmd: python src/process.py data/downloaded
    deps:
    - path: data/downloaded
      hash: md5
      md5: 8093cd482edb9091fd21ff8c238bc5c7.dir
      size: 174813
      nfiles: 1
    - path: src/process.py
      hash: md5
      md5: 3401b81de20b95751c2a44ecfd128b8a
      size: 1568
    outs:
    - path: data/processed
      hash: md5
      md5: 923a4e582fac87e2ccebfcdd72c2925f.dir
      size: 286
      nfiles: 1
  evaluate:
    cmd: python src/evaluate.py data/prepared/ground_truth.txt data/processed/computed_monthly_averages.txt
    deps:
    - path: data/prepared
      hash: md5
      md5: b79615d513d0c2ef8659363f1c153d22.dir
      size: 118
      nfiles: 1
    - path: data/processed
      hash: md5
      md5: 923a4e582fac87e2ccebfcdd72c2925f.dir
      size: 286
      nfiles: 1
    - path: src/evaluate.py
      hash: md5
      md5: 54a876f226d4549a4602955fa73ecd4a
      size: 1892
    outs:
    - path: data/evaluated
      hash: md5
      md5: 2805eb6f7799965da23f0fc419b7dd49.dir
      size: 74
      nfiles: 1
